
Microsoft Visual Studio Solution File, Format Version 12.00
# Visual Studio Version 16
VisualStudioVersion = 16.0.30804.86
MinimumVisualStudioVersion = 10.0.40219.1
Project("{9A19103F-16F7-4668-BE54-9A1E7A4F7556}") = "EDM.DataModel", "EDM.DataModel\EDM.DataModel.csproj", "{1850C284-D009-4DDF-ADDF-0D5FA54E4830}"
EndProject
Project("{9A19103F-16F7-4668-BE54-9A1E7A4F7556}") = "EDM.WebUI", "EDM.WebUI\EDM.WebUI.csproj", "{444EDC50-47D5-4FE6-A4BA-5FEA1018F6E1}"
EndProject
Global
	GlobalSection(SolutionConfigurationPlatforms) = preSolution
		Debug|Any CPU = Debug|Any CPU
		Release|Any CPU = Release|Any CPU
	EndGlobalSection
	GlobalSection(ProjectConfigurationPlatforms) = postSolution
		{1850C284-D009-4DDF-ADDF-0D5FA54E4830}.Debug|Any CPU.ActiveCfg = Debug|Any CPU
		{1850C284-D009-4DDF-ADDF-0D5FA54E4830}.Debug|Any CPU.Build.0 = Debug|Any CPU
		{1850C284-D009-4DDF-ADDF-0D5FA54E4830}.Release|Any CPU.ActiveCfg = Release|Any CPU
		{1850C284-D009-4DDF-ADDF-0D5FA54E4830}.Release|Any CPU.Build.0 = Release|Any CPU
		{444EDC50-47D5-4FE6-A4BA-5FEA1018F6E1}.Debug|Any CPU.ActiveCfg = Debug|Any CPU
		{444EDC50-47D5-4FE6-A4BA-5FEA1018F6E1}.Debug|Any CPU.Build.0 = Debug|Any CPU
		{444EDC50-47D5-4FE6-A4BA-5FEA1018F6E1}.Release|Any CPU.ActiveCfg = Release|Any CPU
		{444EDC50-47D5-4FE6-A4BA-5FEA1018F6E1}.Release|Any CPU.Build.0 = Release|Any CPU
	EndGlobalSection
	GlobalSection(SolutionProperties) = preSolution
		HideSolutionNode = FALSE
	EndGlobalSection
	GlobalSection(ExtensibilityGlobals) = postSolution
		SolutionGuid = {25925573-F7C7-4DF4-8458-1A3CE07A2F17}
	EndGlobalSection
EndGlobal
